// !$*UTF8*$!
{
	archiveVersion = 1;
	classes = {
	};
	objectVersion = 56;
	objects = {

/* Begin PBXBuildFile section */
		000000000000000000200005 /* AppRouter.swift in Sources */ = {isa = PBXBuildFile; fileRef = 000000000000000000200003 /* AppRouter.swift */; };
		000000000000000000200007 /* RootView.swift in Sources */ = {isa = PBXBuildFile; fileRef = 000000000000000000200006 /* RootView.swift */; };
		000000000000000000200009 /* SyncaApp.swift in Sources */ = {isa = PBXBuildFile; fileRef = 000000000000000000200008 /* SyncaApp.swift */; };
		00000000000000000020000D /* ActivationView.swift in Sources */ = {isa = PBXBuildFile; fileRef = 00000000000000000020000A /* ActivationView.swift */; };
		00000000000000000020000F /* AuthViewModel.swift in Sources */ = {isa = PBXBuildFile; fileRef = 00000000000000000020000E /* AuthViewModel.swift */; };
		000000000000000000200011 /* LoginView.swift in Sources */ = {isa = PBXBuildFile; fileRef = 000000000000000000200010 /* LoginView.swift */; };
		000000000000000000200013 /* LoginViewModel.swift in Sources */ = {isa = PBXBuildFile; fileRef = 000000000000000000200012 /* LoginViewModel.swift */; };
		000000000000000000200015 /* SaveResultsView.swift in Sources */ = {isa = PBXBuildFile; fileRef = 000000000000000000200014 /* SaveResultsView.swift */; };
		000000000000000000200018 /* DashboardContainerView.swift in Sources */ = {isa = PBXBuildFile; fileRef = 000000000000000000200016 /* DashboardContainerView.swift */; };
		00000000000000000020001A /* DashboardHomeView.swift in Sources */ = {isa = PBXBuildFile; fileRef = 000000000000000000200019 /* DashboardHomeView.swift */; };
		00000000000000000020001C /* DashboardViewModel.swift in Sources */ = {isa = PBXBuildFile; fileRef = 00000000000000000020001B /* DashboardViewModel.swift */; };
		00000000000000000020001E /* SyncaTabBar.swift in Sources */ = {isa = PBXBuildFile; fileRef = 00000000000000000020001D /* SyncaTabBar.swift */; };
		000000000000000000200021 /* MatchDetailView.swift in Sources */ = {isa = PBXBuildFile; fileRef = 00000000000000000020001F /* MatchDetailView.swift */; };
		000000000000000000200023 /* MatchDetailViewModel.swift in Sources */ = {isa = PBXBuildFile; fileRef = 000000000000000000200022 /* MatchDetailViewModel.swift */; };
		000000000000000000200025 /* MatchListView.swift in Sources */ = {isa = PBXBuildFile; fileRef = 000000000000000000200024 /* MatchListView.swift */; };
		000000000000000000200027 /* MatchListViewModel.swift in Sources */ = {isa = PBXBuildFile; fileRef = 000000000000000000200026 /* MatchListViewModel.swift */; };
		00000000000000000020002A /* ProfileView.swift in Sources */ = {isa = PBXBuildFile; fileRef = 000000000000000000200028 /* ProfileView.swift */; };
		00000000000000000020002C /* ProfileViewModel.swift in Sources */ = {isa = PBXBuildFile; fileRef = 00000000000000000020002B /* ProfileViewModel.swift */; };
		00000000000000000020002F /* AvatarPlaceholder.swift in Sources */ = {isa = PBXBuildFile; fileRef = 00000000000000000020002D /* AvatarPlaceholder.swift */; };
		000000000000000000200031 /* Color+Synca.swift in Sources */ = {isa = PBXBuildFile; fileRef = 000000000000000000200030 /* Color+Synca.swift */; };
		000000000000000000200033 /* CompatibilityRing.swift in Sources */ = {isa = PBXBuildFile; fileRef = 000000000000000000200032 /* CompatibilityRing.swift */; };
		000000000000000000200035 /* ErrorView.swift in Sources */ = {isa = PBXBuildFile; fileRef = 000000000000000000200034 /* ErrorView.swift */; };
		000000000000000000200037 /* LoadingView.swift in Sources */ = {isa = PBXBuildFile; fileRef = 000000000000000000200036 /* LoadingView.swift */; };
		000000000000000000200039 /* Spacing.swift in Sources */ = {isa = PBXBuildFile; fileRef = 000000000000000000200038 /* Spacing.swift */; };
		00000000000000000020003B /* SyncaButton.swift in Sources */ = {isa = PBXBuildFile; fileRef = 00000000000000000020003A /* SyncaButton.swift */; };
		00000000000000000020003D /* SyncaCard.swift in Sources */ = {isa = PBXBuildFile; fileRef = 00000000000000000020003C /* SyncaCard.swift */; };
		00000000000000000020003F /* SyncaTag.swift in Sources */ = {isa = PBXBuildFile; fileRef = 00000000000000000020003E /* SyncaTag.swift */; };
		000000000000000000200041 /* SyncaTextField.swift in Sources */ = {isa = PBXBuildFile; fileRef = 000000000000000000200040 /* SyncaTextField.swift */; };
		000000000000000000200043 /* Typography.swift in Sources */ = {isa = PBXBuildFile; fileRef = 000000000000000000200042 /* Typography.swift */; };
		000000000000000000200046 /* ConnectHealthView.swift in Sources */ = {isa = PBXBuildFile; fileRef = 000000000000000000200044 /* ConnectHealthView.swift */; };
		000000000000000000200048 /* HealthKitProtocol.swift in Sources */ = {isa = PBXBuildFile; fileRef = 000000000000000000200047 /* HealthKitProtocol.swift */; };
		00000000000000000020004A /* SignalAggregatorService.swift in Sources */ = {isa = PBXBuildFile; fileRef = 000000000000000000200049 /* SignalAggregatorService.swift */; };
		00000000000000000020004C /* SignalsViewModel.swift in Sources */ = {isa = PBXBuildFile; fileRef = 00000000000000000020004B /* SignalsViewModel.swift */; };
		00000000000000000020004F /* GenerateQRView.swift in Sources */ = {isa = PBXBuildFile; fileRef = 00000000000000000020004D /* GenerateQRView.swift */; };
		000000000000000000200051 /* GenerateSparkViewModel.swift in Sources */ = {isa = PBXBuildFile; fileRef = 000000000000000000200050 /* GenerateSparkViewModel.swift */; };
		000000000000000000200053 /* QRCameraScannerView.swift in Sources */ = {isa = PBXBuildFile; fileRef = 000000000000000000200052 /* QRCameraScannerView.swift */; };
		000000000000000000200055 /* ScanQRView.swift in Sources */ = {isa = PBXBuildFile; fileRef = 000000000000000000200054 /* ScanQRView.swift */; };
		000000000000000000200057 /* SparkFlowView.swift in Sources */ = {isa = PBXBuildFile; fileRef = 000000000000000000200056 /* SparkFlowView.swift */; };
		000000000000000000200059 /* SparkProximityService.swift in Sources */ = {isa = PBXBuildFile; fileRef = 000000000000000000200058 /* SparkProximityService.swift */; };
		00000000000000000020005B /* SparkQuestionnaire.swift in Sources */ = {isa = PBXBuildFile; fileRef = 00000000000000000020005A /* SparkQuestionnaire.swift */; };
		00000000000000000020005D /* SparkQuestionnaireView.swift in Sources */ = {isa = PBXBuildFile; fileRef = 00000000000000000020005C /* SparkQuestionnaireView.swift */; };
		00000000000000000020005F /* SparkResultView.swift in Sources */ = {isa = PBXBuildFile; fileRef = 00000000000000000020005E /* SparkResultView.swift */; };
		000000000000000000200061 /* SparkViewModel.swift in Sources */ = {isa = PBXBuildFile; fileRef = 000000000000000000200060 /* SparkViewModel.swift */; };
		000000000000000000200064 /* APIError.swift in Sources */ = {isa = PBXBuildFile; fileRef = 000000000000000000200062 /* APIError.swift */; };
		000000000000000000200066 /* AuthSession.swift in Sources */ = {isa = PBXBuildFile; fileRef = 000000000000000000200065 /* AuthSession.swift */; };
		000000000000000000200068 /* HealthSummary.swift in Sources */ = {isa = PBXBuildFile; fileRef = 000000000000000000200067 /* HealthSummary.swift */; };
		00000000000000000020006A /* Match.swift in Sources */ = {isa = PBXBuildFile; fileRef = 000000000000000000200069 /* Match.swift */; };
		00000000000000000020006C /* PreferenceProfile.swift in Sources */ = {isa = PBXBuildFile; fileRef = 00000000000000000020006B /* PreferenceProfile.swift */; };
		00000000000000000020006E /* Profile.swift in Sources */ = {isa = PBXBuildFile; fileRef = 00000000000000000020006D /* Profile.swift */; };
		000000000000000000200070 /* SparkResult.swift in Sources */ = {isa = PBXBuildFile; fileRef = 00000000000000000020006F /* SparkResult.swift */; };
		000000000000000000200072 /* SparkReward.swift in Sources */ = {isa = PBXBuildFile; fileRef = 000000000000000000200071 /* SparkReward.swift */; };
		000000000000000000200074 /* SparkSession.swift in Sources */ = {isa = PBXBuildFile; fileRef = 000000000000000000200073 /* SparkSession.swift */; };
		000000000000000000200076 /* User.swift in Sources */ = {isa = PBXBuildFile; fileRef = 000000000000000000200075 /* User.swift */; };
		000000000000000000200079 /* APIClient+Endpoints.swift in Sources */ = {isa = PBXBuildFile; fileRef = 000000000000000000200077 /* APIClient+Endpoints.swift */; };
		00000000000000000020007B /* APIClient.swift in Sources */ = {isa = PBXBuildFile; fileRef = 00000000000000000020007A /* APIClient.swift */; };
		00000000000000000020007D /* DemoAPIClient.swift in Sources */ = {isa = PBXBuildFile; fileRef = 00000000000000000020007C /* DemoAPIClient.swift */; };
		00000000000000000020007F /* JSONCoding.swift in Sources */ = {isa = PBXBuildFile; fileRef = 00000000000000000020007E /* JSONCoding.swift */; };
		000000000000000000200081 /* KeychainService.swift in Sources */ = {isa = PBXBuildFile; fileRef = 000000000000000000200080 /* KeychainService.swift */; };
		000000000000000000200083 /* APIClientTests.swift in Sources */ = {isa = PBXBuildFile; fileRef = 000000000000000000200082 /* APIClientTests.swift */; };
		000000000000000000200085 /* AuthViewModelTests.swift in Sources */ = {isa = PBXBuildFile; fileRef = 000000000000000000200084 /* AuthViewModelTests.swift */; };
		000000000000000000200087 /* KeychainServiceTests.swift in Sources */ = {isa = PBXBuildFile; fileRef = 000000000000000000200086 /* KeychainServiceTests.swift */; };
		000000000000000000200089 /* LoginViewModelTests.swift in Sources */ = {isa = PBXBuildFile; fileRef = 000000000000000000200088 /* LoginViewModelTests.swift */; };
		00000000000000000020008C /* MockAPIClient.swift in Sources */ = {isa = PBXBuildFile; fileRef = 00000000000000000020008A /* MockAPIClient.swift */; };
		00000000000000000020008E /* MockHealthKitStore.swift in Sources */ = {isa = PBXBuildFile; fileRef = 00000000000000000020008D /* MockHealthKitStore.swift */; };
		000000000000000000200090 /* MockKeychainService.swift in Sources */ = {isa = PBXBuildFile; fileRef = 00000000000000000020008F /* MockKeychainService.swift */; };
		000000000000000000200092 /* MockURLProtocol.swift in Sources */ = {isa = PBXBuildFile; fileRef = 000000000000000000200091 /* MockURLProtocol.swift */; };
		000000000000000000200094 /* SignalAggregatorServiceTests.swift in Sources */ = {isa = PBXBuildFile; fileRef = 000000000000000000200093 /* SignalAggregatorServiceTests.swift */; };
		000000000000000000200096 /* SparkProximityServiceTests.swift in Sources */ = {isa = PBXBuildFile; fileRef = 000000000000000000200095 /* SparkProximityServiceTests.swift */; };
		000000000000000000200098 /* SparkViewModelTests.swift in Sources */ = {isa = PBXBuildFile; fileRef = 000000000000000000200097 /* SparkViewModelTests.swift */; };
		00000000000000000020009A /* Assets.xcassets in Resources */ = {isa = PBXBuildFile; fileRef = 000000000000000000200099 /* Assets.xcassets */; };
/* End PBXBuildFile section */

/* Begin PBXContainerItemProxy section */
		0000000000000000002000B2 /* PBXContainerItemProxy */ = {
			isa = PBXContainerItemProxy;
			containerPortal = 00000000000000000020009F /* Project object */;
			proxyType = 1;
			remoteGlobalIDString = 00000000000000000010009B;
			remoteInfo = Synca;
		};
/* End PBXContainerItemProxy section */

/* Begin PBXFileReference section */
		000000000000000000200003 /* AppRouter.swift */ = {isa = PBXFileReference; lastKnownFileType = sourcecode.swift; path = "AppRouter.swift"; sourceTree = "<group>"; };
		000000000000000000200006 /* RootView.swift */ = {isa = PBXFileReference; lastKnownFileType = sourcecode.swift; path = "RootView.swift"; sourceTree = "<group>"; };
		000000000000000000200008 /* SyncaApp.swift */ = {isa = PBXFileReference; lastKnownFileType = sourcecode.swift; path = "SyncaApp.swift"; sourceTree = "<group>"; };
		00000000000000000020000A /* ActivationView.swift */ = {isa = PBXFileReference; lastKnownFileType = sourcecode.swift; path = "ActivationView.swift"; sourceTree = "<group>"; };
		00000000000000000020000E /* AuthViewModel.swift */ = {isa = PBXFileReference; lastKnownFileType = sourcecode.swift; path = "AuthViewModel.swift"; sourceTree = "<group>"; };
		000000000000000000200010 /* LoginView.swift */ = {isa = PBXFileReference; lastKnownFileType = sourcecode.swift; path = "LoginView.swift"; sourceTree = "<group>"; };
		000000000000000000200012 /* LoginViewModel.swift */ = {isa = PBXFileReference; lastKnownFileType = sourcecode.swift; path = "LoginViewModel.swift"; sourceTree = "<group>"; };
		000000000000000000200014 /* SaveResultsView.swift */ = {isa = PBXFileReference; lastKnownFileType = sourcecode.swift; path = "SaveResultsView.swift"; sourceTree = "<group>"; };
		000000000000000000200016 /* DashboardContainerView.swift */ = {isa = PBXFileReference; lastKnownFileType = sourcecode.swift; path = "DashboardContainerView.swift"; sourceTree = "<group>"; };
		000000000000000000200019 /* DashboardHomeView.swift */ = {isa = PBXFileReference; lastKnownFileType = sourcecode.swift; path = "DashboardHomeView.swift"; sourceTree = "<group>"; };
		00000000000000000020001B /* DashboardViewModel.swift */ = {isa = PBXFileReference; lastKnownFileType = sourcecode.swift; path = "DashboardViewModel.swift"; sourceTree = "<group>"; };
		00000000000000000020001D /* SyncaTabBar.swift */ = {isa = PBXFileReference; lastKnownFileType = sourcecode.swift; path = "SyncaTabBar.swift"; sourceTree = "<group>"; };
		00000000000000000020001F /* MatchDetailView.swift */ = {isa = PBXFileReference; lastKnownFileType = sourcecode.swift; path = "MatchDetailView.swift"; sourceTree = "<group>"; };
		000000000000000000200022 /* MatchDetailViewModel.swift */ = {isa = PBXFileReference; lastKnownFileType = sourcecode.swift; path = "MatchDetailViewModel.swift"; sourceTree = "<group>"; };
		000000000000000000200024 /* MatchListView.swift */ = {isa = PBXFileReference; lastKnownFileType = sourcecode.swift; path = "MatchListView.swift"; sourceTree = "<group>"; };
		000000000000000000200026 /* MatchListViewModel.swift */ = {isa = PBXFileReference; lastKnownFileType = sourcecode.swift; path = "MatchListViewModel.swift"; sourceTree = "<group>"; };
		000000000000000000200028 /* ProfileView.swift */ = {isa = PBXFileReference; lastKnownFileType = sourcecode.swift; path = "ProfileView.swift"; sourceTree = "<group>"; };
		00000000000000000020002B /* ProfileViewModel.swift */ = {isa = PBXFileReference; lastKnownFileType = sourcecode.swift; path = "ProfileViewModel.swift"; sourceTree = "<group>"; };
		00000000000000000020002D /* AvatarPlaceholder.swift */ = {isa = PBXFileReference; lastKnownFileType = sourcecode.swift; path = "AvatarPlaceholder.swift"; sourceTree = "<group>"; };
		000000000000000000200030 /* Color+Synca.swift */ = {isa = PBXFileReference; lastKnownFileType = sourcecode.swift; path = "Color+Synca.swift"; sourceTree = "<group>"; };
		000000000000000000200032 /* CompatibilityRing.swift */ = {isa = PBXFileReference; lastKnownFileType = sourcecode.swift; path = "CompatibilityRing.swift"; sourceTree = "<group>"; };
		000000000000000000200034 /* ErrorView.swift */ = {isa = PBXFileReference; lastKnownFileType = sourcecode.swift; path = "ErrorView.swift"; sourceTree = "<group>"; };
		000000000000000000200036 /* LoadingView.swift */ = {isa = PBXFileReference; lastKnownFileType = sourcecode.swift; path = "LoadingView.swift"; sourceTree = "<group>"; };
		000000000000000000200038 /* Spacing.swift */ = {isa = PBXFileReference; lastKnownFileType = sourcecode.swift; path = "Spacing.swift"; sourceTree = "<group>"; };
		00000000000000000020003A /* SyncaButton.swift */ = {isa = PBXFileReference; lastKnownFileType = sourcecode.swift; path = "SyncaButton.swift"; sourceTree = "<group>"; };
		00000000000000000020003C /* SyncaCard.swift */ = {isa = PBXFileReference; lastKnownFileType = sourcecode.swift; path = "SyncaCard.swift"; sourceTree = "<group>"; };
		00000000000000000020003E /* SyncaTag.swift */ = {isa = PBXFileReference; lastKnownFileType = sourcecode.swift; path = "SyncaTag.swift"; sourceTree = "<group>"; };
		000000000000000000200040 /* SyncaTextField.swift */ = {isa = PBXFileReference; lastKnownFileType = sourcecode.swift; path = "SyncaTextField.swift"; sourceTree = "<group>"; };
		000000000000000000200042 /* Typography.swift */ = {isa = PBXFileReference; lastKnownFileType = sourcecode.swift; path = "Typography.swift"; sourceTree = "<group>"; };
		000000000000000000200044 /* ConnectHealthView.swift */ = {isa = PBXFileReference; lastKnownFileType = sourcecode.swift; path = "ConnectHealthView.swift"; sourceTree = "<group>"; };
		000000000000000000200047 /* HealthKitProtocol.swift */ = {isa = PBXFileReference; lastKnownFileType = sourcecode.swift; path = "HealthKitProtocol.swift"; sourceTree = "<group>"; };
		000000000000000000200049 /* SignalAggregatorService.swift */ = {isa = PBXFileReference; lastKnownFileType = sourcecode.swift; path = "SignalAggregatorService.swift"; sourceTree = "<group>"; };
		00000000000000000020004B /* SignalsViewModel.swift */ = {isa = PBXFileReference; lastKnownFileType = sourcecode.swift; path = "SignalsViewModel.swift"; sourceTree = "<group>"; };
		00000000000000000020004D /* GenerateQRView.swift */ = {isa = PBXFileReference; lastKnownFileType = sourcecode.swift; path = "GenerateQRView.swift"; sourceTree = "<group>"; };
		000000000000000000200050 /* GenerateSparkViewModel.swift */ = {isa = PBXFileReference; lastKnownFileType = sourcecode.swift; path = "GenerateSparkViewModel.swift"; sourceTree = "<group>"; };
		000000000000000000200052 /* QRCameraScannerView.swift */ = {isa = PBXFileReference; lastKnownFileType = sourcecode.swift; path = "QRCameraScannerView.swift"; sourceTree = "<group>"; };
		000000000000000000200054 /* ScanQRView.swift */ = {isa = PBXFileReference; lastKnownFileType = sourcecode.swift; path = "ScanQRView.swift"; sourceTree = "<group>"; };
		000000000000000000200056 /* SparkFlowView.swift */ = {isa = PBXFileReference; lastKnownFileType = sourcecode.swift; path = "SparkFlowView.swift"; sourceTree = "<group>"; };
		000000000000000000200058 /* SparkProximityService.swift */ = {isa = PBXFileReference; lastKnownFileType = sourcecode.swift; path = "SparkProximityService.swift"; sourceTree = "<group>"; };
		00000000000000000020005A /* SparkQuestionnaire.swift */ = {isa = PBXFileReference; lastKnownFileType = sourcecode.swift; path = "SparkQuestionnaire.swift"; sourceTree = "<group>"; };
		00000000000000000020005C /* SparkQuestionnaireView.swift */ = {isa = PBXFileReference; lastKnownFileType = sourcecode.swift; path = "SparkQuestionnaireView.swift"; sourceTree = "<group>"; };
		00000000000000000020005E /* SparkResultView.swift */ = {isa = PBXFileReference; lastKnownFileType = sourcecode.swift; path = "SparkResultView.swift"; sourceTree = "<group>"; };
		000000000000000000200060 /* SparkViewModel.swift */ = {isa = PBXFileReference; lastKnownFileType = sourcecode.swift; path = "SparkViewModel.swift"; sourceTree = "<group>"; };
		000000000000000000200062 /* APIError.swift */ = {isa = PBXFileReference; lastKnownFileType = sourcecode.swift; path = "APIError.swift"; sourceTree = "<group>"; };
		000000000000000000200065 /* AuthSession.swift */ = {isa = PBXFileReference; lastKnownFileType = sourcecode.swift; path = "AuthSession.swift"; sourceTree = "<group>"; };
		000000000000000000200067 /* HealthSummary.swift */ = {isa = PBXFileReference; lastKnownFileType = sourcecode.swift; path = "HealthSummary.swift"; sourceTree = "<group>"; };
		000000000000000000200069 /* Match.swift */ = {isa = PBXFileReference; lastKnownFileType = sourcecode.swift; path = "Match.swift"; sourceTree = "<group>"; };
		00000000000000000020006B /* PreferenceProfile.swift */ = {isa = PBXFileReference; lastKnownFileType = sourcecode.swift; path = "PreferenceProfile.swift"; sourceTree = "<group>"; };
		00000000000000000020006D /* Profile.swift */ = {isa = PBXFileReference; lastKnownFileType = sourcecode.swift; path = "Profile.swift"; sourceTree = "<group>"; };
		00000000000000000020006F /* SparkResult.swift */ = {isa = PBXFileReference; lastKnownFileType = sourcecode.swift; path = "SparkResult.swift"; sourceTree = "<group>"; };
		000000000000000000200071 /* SparkReward.swift */ = {isa = PBXFileReference; lastKnownFileType = sourcecode.swift; path = "SparkReward.swift"; sourceTree = "<group>"; };
		000000000000000000200073 /* SparkSession.swift */ = {isa = PBXFileReference; lastKnownFileType = sourcecode.swift; path = "SparkSession.swift"; sourceTree = "<group>"; };
		000000000000000000200075 /* User.swift */ = {isa = PBXFileReference; lastKnownFileType = sourcecode.swift; path = "User.swift"; sourceTree = "<group>"; };
		000000000000000000200077 /* APIClient+Endpoints.swift */ = {isa = PBXFileReference; lastKnownFileType = sourcecode.swift; path = "APIClient+Endpoints.swift"; sourceTree = "<group>"; };
		00000000000000000020007A /* APIClient.swift */ = {isa = PBXFileReference; lastKnownFileType = sourcecode.swift; path = "APIClient.swift"; sourceTree = "<group>"; };
		00000000000000000020007C /* DemoAPIClient.swift */ = {isa = PBXFileReference; lastKnownFileType = sourcecode.swift; path = "DemoAPIClient.swift"; sourceTree = "<group>"; };
		00000000000000000020007E /* JSONCoding.swift */ = {isa = PBXFileReference; lastKnownFileType = sourcecode.swift; path = "JSONCoding.swift"; sourceTree = "<group>"; };
		000000000000000000200080 /* KeychainService.swift */ = {isa = PBXFileReference; lastKnownFileType = sourcecode.swift; path = "KeychainService.swift"; sourceTree = "<group>"; };
		000000000000000000200082 /* APIClientTests.swift */ = {isa = PBXFileReference; lastKnownFileType = sourcecode.swift; path = "APIClientTests.swift"; sourceTree = "<group>"; };
		000000000000000000200084 /* AuthViewModelTests.swift */ = {isa = PBXFileReference; lastKnownFileType = sourcecode.swift; path = "AuthViewModelTests.swift"; sourceTree = "<group>"; };
		000000000000000000200086 /* KeychainServiceTests.swift */ = {isa = PBXFileReference; lastKnownFileType = sourcecode.swift; path = "KeychainServiceTests.swift"; sourceTree = "<group>"; };
		000000000000000000200088 /* LoginViewModelTests.swift */ = {isa = PBXFileReference; lastKnownFileType = sourcecode.swift; path = "LoginViewModelTests.swift"; sourceTree = "<group>"; };
		00000000000000000020008A /* MockAPIClient.swift */ = {isa = PBXFileReference; lastKnownFileType = sourcecode.swift; path = "MockAPIClient.swift"; sourceTree = "<group>"; };
		00000000000000000020008D /* MockHealthKitStore.swift */ = {isa = PBXFileReference; lastKnownFileType = sourcecode.swift; path = "MockHealthKitStore.swift"; sourceTree = "<group>"; };
		00000000000000000020008F /* MockKeychainService.swift */ = {isa = PBXFileReference; lastKnownFileType = sourcecode.swift; path = "MockKeychainService.swift"; sourceTree = "<group>"; };
		000000000000000000200091 /* MockURLProtocol.swift */ = {isa = PBXFileReference; lastKnownFileType = sourcecode.swift; path = "MockURLProtocol.swift"; sourceTree = "<group>"; };
		000000000000000000200093 /* SignalAggregatorServiceTests.swift */ = {isa = PBXFileReference; lastKnownFileType = sourcecode.swift; path = "SignalAggregatorServiceTests.swift"; sourceTree = "<group>"; };
		000000000000000000200095 /* SparkProximityServiceTests.swift */ = {isa = PBXFileReference; lastKnownFileType = sourcecode.swift; path = "SparkProximityServiceTests.swift"; sourceTree = "<group>"; };
		000000000000000000200097 /* SparkViewModelTests.swift */ = {isa = PBXFileReference; lastKnownFileType = sourcecode.swift; path = "SparkViewModelTests.swift"; sourceTree = "<group>"; };
		000000000000000000200099 /* Assets.xcassets */ = {isa = PBXFileReference; lastKnownFileType = folder.assetcatalog; path = "Assets.xcassets"; sourceTree = "<group>"; };
		00000000000000000020009B /* Info.plist */ = {isa = PBXFileReference; lastKnownFileType = text.plist.xml; path = "Info.plist"; sourceTree = "<group>"; };
		00000000000000000020009C /* Synca.entitlements */ = {isa = PBXFileReference; lastKnownFileType = text.plist.entitlements; path = "Synca.entitlements"; sourceTree = "<group>"; };
		00000000000000000020009D /* Synca.app */ = {isa = PBXFileReference; explicitFileType = wrapper.application; includeInIndex = 0; path = "Synca.app"; sourceTree = BUILT_PRODUCTS_DIR; };
		00000000000000000020009E /* SyncaTests.xctest */ = {isa = PBXFileReference; explicitFileType = wrapper.cfbundle; includeInIndex = 0; path = "SyncaTests.xctest"; sourceTree = BUILT_PRODUCTS_DIR; };
/* End PBXFileReference section */

/* Begin PBXFrameworksBuildPhase section */
		0000000000000000002000AE /* Frameworks */ = {
			isa = PBXFrameworksBuildPhase;
			buildActionMask = 2147483647;
			files = (
			);
			runOnlyForDeploymentPostprocessing = 0;
		};
		0000000000000000002000B1 /* Frameworks */ = {
			isa = PBXFrameworksBuildPhase;
			buildActionMask = 2147483647;
			files = (
			);
			runOnlyForDeploymentPostprocessing = 0;
		};
/* End PBXFrameworksBuildPhase section */

/* Begin PBXGroup section */
		0000000000000000002000A2 /* Resources */ = {
			isa = PBXGroup;
			children = (
				000000000000000000200099 /* Assets.xcassets */,
				00000000000000000020009B /* Info.plist */,
				00000000000000000020009C /* Synca.entitlements */,
			);
			path = "Resources";
			sourceTree = "<group>";
		};
		000000000000000000200004 /* App */ = {
			isa = PBXGroup;
			children = (
				000000000000000000200003 /* AppRouter.swift */,
				000000000000000000200006 /* RootView.swift */,
				000000000000000000200008 /* SyncaApp.swift */,
			);
			path = "App";
			sourceTree = "<group>";
		};
		00000000000000000020000C /* Auth */ = {
			isa = PBXGroup;
			children = (
				00000000000000000020000A /* ActivationView.swift */,
				00000000000000000020000E /* AuthViewModel.swift */,
				000000000000000000200010 /* LoginView.swift */,
				000000000000000000200012 /* LoginViewModel.swift */,
				000000000000000000200014 /* SaveResultsView.swift */,
			);
			path = "Auth";
			sourceTree = "<group>";
		};
		000000000000000000200017 /* Dashboard */ = {
			isa = PBXGroup;
			children = (
				000000000000000000200016 /* DashboardContainerView.swift */,
				000000000000000000200019 /* DashboardHomeView.swift */,
				00000000000000000020001B /* DashboardViewModel.swift */,
				00000000000000000020001D /* SyncaTabBar.swift */,
			);
			path = "Dashboard";
			sourceTree = "<group>";
		};
		000000000000000000200020 /* Matching */ = {
			isa = PBXGroup;
			children = (
				00000000000000000020001F /* MatchDetailView.swift */,
				000000000000000000200022 /* MatchDetailViewModel.swift */,
				000000000000000000200024 /* MatchListView.swift */,
				000000000000000000200026 /* MatchListViewModel.swift */,
			);
			path = "Matching";
			sourceTree = "<group>";
		};
		000000000000000000200029 /* Profile */ = {
			isa = PBXGroup;
			children = (
				000000000000000000200028 /* ProfileView.swift */,
				00000000000000000020002B /* ProfileViewModel.swift */,
			);
			path = "Profile";
			sourceTree = "<group>";
		};
		00000000000000000020002E /* Shared */ = {
			isa = PBXGroup;
			children = (
				00000000000000000020002D /* AvatarPlaceholder.swift */,
				000000000000000000200030 /* Color+Synca.swift */,
				000000000000000000200032 /* CompatibilityRing.swift */,
				000000000000000000200034 /* ErrorView.swift */,
				000000000000000000200036 /* LoadingView.swift */,
				000000000000000000200038 /* Spacing.swift */,
				00000000000000000020003A /* SyncaButton.swift */,
				00000000000000000020003C /* SyncaCard.swift */,
				00000000000000000020003E /* SyncaTag.swift */,
				000000000000000000200040 /* SyncaTextField.swift */,
				000000000000000000200042 /* Typography.swift */,
			);
			path = "Shared";
			sourceTree = "<group>";
		};
		000000000000000000200045 /* Signals */ = {
			isa = PBXGroup;
			children = (
				000000000000000000200044 /* ConnectHealthView.swift */,
				000000000000000000200047 /* HealthKitProtocol.swift */,
				000000000000000000200049 /* SignalAggregatorService.swift */,
				00000000000000000020004B /* SignalsViewModel.swift */,
			);
			path = "Signals";
			sourceTree = "<group>";
		};
		00000000000000000020004E /* Spark */ = {
			isa = PBXGroup;
			children = (
				00000000000000000020004D /* GenerateQRView.swift */,
				000000000000000000200050 /* GenerateSparkViewModel.swift */,
				000000000000000000200052 /* QRCameraScannerView.swift */,
				000000000000000000200054 /* ScanQRView.swift */,
				000000000000000000200056 /* SparkFlowView.swift */,
				000000000000000000200058 /* SparkProximityService.swift */,
				00000000000000000020005A /* SparkQuestionnaire.swift */,
				00000000000000000020005C /* SparkQuestionnaireView.swift */,
				00000000000000000020005E /* SparkResultView.swift */,
				000000000000000000200060 /* SparkViewModel.swift */,
			);
			path = "Spark";
			sourceTree = "<group>";
		};
		00000000000000000020000B /* Features */ = {
			isa = PBXGroup;
			children = (
				00000000000000000020000C /* Auth */,
				000000000000000000200017 /* Dashboard */,
				000000000000000000200020 /* Matching */,
				000000000000000000200029 /* Profile */,
				00000000000000000020002E /* Shared */,
				000000000000000000200045 /* Signals */,
				00000000000000000020004E /* Spark */,
			);
			path = "Features";
			sourceTree = "<group>";
		};
		000000000000000000200063 /* Models */ = {
			isa = PBXGroup;
			children = (
				000000000000000000200062 /* APIError.swift */,
				000000000000000000200065 /* AuthSession.swift */,
				000000000000000000200067 /* HealthSummary.swift */,
				000000000000000000200069 /* Match.swift */,
				00000000000000000020006B /* PreferenceProfile.swift */,
				00000000000000000020006D /* Profile.swift */,
				00000000000000000020006F /* SparkResult.swift */,
				000000000000000000200071 /* SparkReward.swift */,
				000000000000000000200073 /* SparkSession.swift */,
				000000000000000000200075 /* User.swift */,
			);
			path = "Models";
			sourceTree = "<group>";
		};
		000000000000000000200078 /* Services */ = {
			isa = PBXGroup;
			children = (
				000000000000000000200077 /* APIClient+Endpoints.swift */,
				00000000000000000020007A /* APIClient.swift */,
				00000000000000000020007C /* DemoAPIClient.swift */,
				00000000000000000020007E /* JSONCoding.swift */,
				000000000000000000200080 /* KeychainService.swift */,
			);
			path = "Services";
			sourceTree = "<group>";
		};
		000000000000000000200001 /* Synca */ = {
			isa = PBXGroup;
			children = (
				000000000000000000200004 /* App */,
				00000000000000000020000B /* Features */,
				000000000000000000200063 /* Models */,
				000000000000000000200078 /* Services */,
				0000000000000000002000A2 /* Resources */,
			);
			path = "Synca";
			sourceTree = "<group>";
		};
		00000000000000000020008B /* Mocks */ = {
			isa = PBXGroup;
			children = (
				00000000000000000020008A /* MockAPIClient.swift */,
				00000000000000000020008D /* MockHealthKitStore.swift */,
				00000000000000000020008F /* MockKeychainService.swift */,
				000000000000000000200091 /* MockURLProtocol.swift */,
			);
			path = "Mocks";
			sourceTree = "<group>";
		};
		000000000000000000200002 /* SyncaTests */ = {
			isa = PBXGroup;
			children = (
				00000000000000000020008B /* Mocks */,
				000000000000000000200082 /* APIClientTests.swift */,
				000000000000000000200084 /* AuthViewModelTests.swift */,
				000000000000000000200086 /* KeychainServiceTests.swift */,
				000000000000000000200088 /* LoginViewModelTests.swift */,
				000000000000000000200093 /* SignalAggregatorServiceTests.swift */,
				000000000000000000200095 /* SparkProximityServiceTests.swift */,
				000000000000000000200097 /* SparkViewModelTests.swift */,
			);
			path = "SyncaTests";
			sourceTree = "<group>";
		};
		0000000000000000002000A1 /* Products */ = {
			isa = PBXGroup;
			children = (
				00000000000000000020009D /* Synca.app */,
				00000000000000000020009E /* SyncaTests.xctest */,
			);
			name = "Products";
			sourceTree = "<group>";
		};
		0000000000000000002000A0 = {
			isa = PBXGroup;
			children = (
				000000000000000000200001 /* Synca */,
				000000000000000000200002 /* SyncaTests */,
				0000000000000000002000A1 /* Products */,
			);
			sourceTree = "<group>";
		};
/* End PBXGroup section */

/* Begin PBXNativeTarget section */
		00000000000000000010009B /* Synca */ = {
			isa = PBXNativeTarget;
			buildConfigurationList = 0000000000000000002000A3 /* Build configuration list for PBXNativeTarget "Synca" */;
			buildPhases = (
				0000000000000000002000AC /* Sources */,
				0000000000000000002000AE /* Frameworks */,
				0000000000000000002000AD /* Resources */,
			);
			buildRules = (
			);
			dependencies = (
			);
			name = "Synca";
			productName = "Synca";
			productReference = 00000000000000000020009D /* Synca.app */;
			productType = "com.apple.product-type.application";
		};
		00000000000000000010009C /* SyncaTests */ = {
			isa = PBXNativeTarget;
			buildConfigurationList = 0000000000000000002000A4 /* Build configuration list for PBXNativeTarget "SyncaTests" */;
			buildPhases = (
				0000000000000000002000AF /* Sources */,
				0000000000000000002000B1 /* Frameworks */,
				0000000000000000002000B0 /* Resources */,
			);
			buildRules = (
			);
			dependencies = (
				0000000000000000002000B3 /* PBXTargetDependency */,
			);
			name = "SyncaTests";
			productName = "SyncaTests";
			productReference = 00000000000000000020009E /* SyncaTests.xctest */;
			productType = "com.apple.product-type.bundle.unit-test";
		};
/* End PBXNativeTarget section */

/* Begin PBXProject section */
		00000000000000000020009F /* Project object */ = {
			isa = PBXProject;
			attributes = {
				BuildIndependentTargetsInParallel = 1;
				LastSwiftUpdateCheck = 1620;
				LastUpgradeCheck = 1620;
				TargetAttributes = {
					00000000000000000010009B = {
						CreatedOnToolsVersion = 16.2;
					};
					00000000000000000010009C = {
						CreatedOnToolsVersion = 16.2;
						TestTargetID = 00000000000000000010009B;
					};
				};
			};
			buildConfigurationList = 0000000000000000002000A5 /* Build configuration list for PBXProject "Synca" */;
			compatibilityVersion = "Xcode 14.0";
			developmentRegion = en;
			hasScannedForEncodings = 0;
			knownRegions = (
				en,
				Base,
			);
			mainGroup = 0000000000000000002000A0;
			productRefGroup = 0000000000000000002000A1 /* Products */;
			projectDirPath = "";
			projectRoot = "";
			targets = (
				00000000000000000010009B /* Synca */,
				00000000000000000010009C /* SyncaTests */,
			);
		};
/* End PBXProject section */

/* Begin PBXResourcesBuildPhase section */
		0000000000000000002000AD /* Resources */ = {
			isa = PBXResourcesBuildPhase;
			buildActionMask = 2147483647;
			files = (
				00000000000000000020009A /* Assets.xcassets in Resources */,
			);
			runOnlyForDeploymentPostprocessing = 0;
		};
		0000000000000000002000B0 /* Resources */ = {
			isa = PBXResourcesBuildPhase;
			buildActionMask = 2147483647;
			files = (
			);
			runOnlyForDeploymentPostprocessing = 0;
		};
/* End PBXResourcesBuildPhase section */

/* Begin PBXSourcesBuildPhase section */
		0000000000000000002000AC /* Sources */ = {
			isa = PBXSourcesBuildPhase;
			buildActionMask = 2147483647;
			files = (
				000000000000000000200005 /* AppRouter.swift in Sources */,
				000000000000000000200007 /* RootView.swift in Sources */,
				000000000000000000200009 /* SyncaApp.swift in Sources */,
				00000000000000000020000D /* ActivationView.swift in Sources */,
				00000000000000000020000F /* AuthViewModel.swift in Sources */,
				000000000000000000200011 /* LoginView.swift in Sources */,
				000000000000000000200013 /* LoginViewModel.swift in Sources */,
				000000000000000000200015 /* SaveResultsView.swift in Sources */,
				000000000000000000200018 /* DashboardContainerView.swift in Sources */,
				00000000000000000020001A /* DashboardHomeView.swift in Sources */,
				00000000000000000020001C /* DashboardViewModel.swift in Sources */,
				00000000000000000020001E /* SyncaTabBar.swift in Sources */,
				000000000000000000200021 /* MatchDetailView.swift in Sources */,
				000000000000000000200023 /* MatchDetailViewModel.swift in Sources */,
				000000000000000000200025 /* MatchListView.swift in Sources */,
				000000000000000000200027 /* MatchListViewModel.swift in Sources */,
				00000000000000000020002A /* ProfileView.swift in Sources */,
				00000000000000000020002C /* ProfileViewModel.swift in Sources */,
				00000000000000000020002F /* AvatarPlaceholder.swift in Sources */,
				000000000000000000200031 /* Color+Synca.swift in Sources */,
				000000000000000000200033 /* CompatibilityRing.swift in Sources */,
				000000000000000000200035 /* ErrorView.swift in Sources */,
				000000000000000000200037 /* LoadingView.swift in Sources */,
				000000000000000000200039 /* Spacing.swift in Sources */,
				00000000000000000020003B /* SyncaButton.swift in Sources */,
				00000000000000000020003D /* SyncaCard.swift in Sources */,
				00000000000000000020003F /* SyncaTag.swift in Sources */,
				000000000000000000200041 /* SyncaTextField.swift in Sources */,
				000000000000000000200043 /* Typography.swift in Sources */,
				000000000000000000200046 /* ConnectHealthView.swift in Sources */,
				000000000000000000200048 /* HealthKitProtocol.swift in Sources */,
				00000000000000000020004A /* SignalAggregatorService.swift in Sources */,
				00000000000000000020004C /* SignalsViewModel.swift in Sources */,
				00000000000000000020004F /* GenerateQRView.swift in Sources */,
				000000000000000000200051 /* GenerateSparkViewModel.swift in Sources */,
				000000000000000000200053 /* QRCameraScannerView.swift in Sources */,
				000000000000000000200055 /* ScanQRView.swift in Sources */,
				000000000000000000200057 /* SparkFlowView.swift in Sources */,
				000000000000000000200059 /* SparkProximityService.swift in Sources */,
				00000000000000000020005B /* SparkQuestionnaire.swift in Sources */,
				00000000000000000020005D /* SparkQuestionnaireView.swift in Sources */,
				00000000000000000020005F /* SparkResultView.swift in Sources */,
				000000000000000000200061 /* SparkViewModel.swift in Sources */,
				000000000000000000200064 /* APIError.swift in Sources */,
				000000000000000000200066 /* AuthSession.swift in Sources */,
				000000000000000000200068 /* HealthSummary.swift in Sources */,
				00000000000000000020006A /* Match.swift in Sources */,
				00000000000000000020006C /* PreferenceProfile.swift in Sources */,
				00000000000000000020006E /* Profile.swift in Sources */,
				000000000000000000200070 /* SparkResult.swift in Sources */,
				000000000000000000200072 /* SparkReward.swift in Sources */,
				000000000000000000200074 /* SparkSession.swift in Sources */,
				000000000000000000200076 /* User.swift in Sources */,
				000000000000000000200079 /* APIClient+Endpoints.swift in Sources */,
				00000000000000000020007B /* APIClient.swift in Sources */,
				00000000000000000020007D /* DemoAPIClient.swift in Sources */,
				00000000000000000020007F /* JSONCoding.swift in Sources */,
				000000000000000000200081 /* KeychainService.swift in Sources */,
			);
			runOnlyForDeploymentPostprocessing = 0;
		};
		0000000000000000002000AF /* Sources */ = {
			isa = PBXSourcesBuildPhase;
			buildActionMask = 2147483647;
			files = (
				000000000000000000200083 /* APIClientTests.swift in Sources */,
				000000000000000000200085 /* AuthViewModelTests.swift in Sources */,
				000000000000000000200087 /* KeychainServiceTests.swift in Sources */,
				000000000000000000200089 /* LoginViewModelTests.swift in Sources */,
				00000000000000000020008C /* MockAPIClient.swift in Sources */,
				00000000000000000020008E /* MockHealthKitStore.swift in Sources */,
				000000000000000000200090 /* MockKeychainService.swift in Sources */,
				000000000000000000200092 /* MockURLProtocol.swift in Sources */,
				000000000000000000200094 /* SignalAggregatorServiceTests.swift in Sources */,
				000000000000000000200096 /* SparkProximityServiceTests.swift in Sources */,
				000000000000000000200098 /* SparkViewModelTests.swift in Sources */,
			);
			runOnlyForDeploymentPostprocessing = 0;
		};
/* End PBXSourcesBuildPhase section */

/* Begin PBXTargetDependency section */
		0000000000000000002000B3 /* PBXTargetDependency */ = {
			isa = PBXTargetDependency;
			target = 00000000000000000010009B /* Synca */;
			targetProxy = 0000000000000000002000B2 /* PBXContainerItemProxy */;
		};
/* End PBXTargetDependency section */

/* Begin XCBuildConfiguration section */
		0000000000000000002000AA /* Debug */ = {
			isa = XCBuildConfiguration;
			buildSettings = {
				DEBUG_INFORMATION_FORMAT = dwarf;
				ENABLE_TESTABILITY = YES;
				GCC_DYNAMIC_NO_PIC = NO;
				GCC_OPTIMIZATION_LEVEL = 0;
				GCC_PREPROCESSOR_DEFINITIONS = (
					"DEBUG=1",
					"$(inherited)",
				);
				ONLY_ACTIVE_ARCH = YES;
				SWIFT_ACTIVE_COMPILATION_CONDITIONS = "DEBUG $(inherited)";
				SWIFT_OPTIMIZATION_LEVEL = "-Onone";
				ALWAYS_SEARCH_USER_PATHS = NO;
				ASSETCATALOG_COMPILER_GENERATE_SWIFT_ASSET_SYMBOL_EXTENSIONS = NO;
				CLANG_ANALYZER_NONNULL = YES;
				CLANG_ANALYZER_NUMBER_OBJECT_CONVERSION = YES_AGGRESSIVE;
				CLANG_CXX_LANGUAGE_STANDARD = "gnu++20";
				CLANG_ENABLE_MODULES = YES;
				CLANG_ENABLE_OBJC_ARC = YES;
				CLANG_ENABLE_OBJC_WEAK = YES;
				CLANG_WARN_BLOCK_CAPTURE_AUTORELEASING = YES;
				CLANG_WARN_BOOL_CONVERSION = YES;
				CLANG_WARN_COMMA = YES;
				CLANG_WARN_CONSTANT_CONVERSION = YES;
				CLANG_WARN_DEPRECATED_OBJC_IMPLEMENTATIONS = YES;
				CLANG_WARN_DIRECT_OBJC_ISA_USAGE = YES_ERROR;
				CLANG_WARN_DOCUMENTATION_COMMENTS = YES;
				CLANG_WARN_EMPTY_BODY = YES;
				CLANG_WARN_ENUM_CONVERSION = YES;
				CLANG_WARN_INFINITE_RECURSION = YES;
				CLANG_WARN_INT_CONVERSION = YES;
				CLANG_WARN_NON_LITERAL_NULL_CONVERSION = YES;
				CLANG_WARN_OBJC_IMPLICIT_RETAIN_SELF = YES;
				CLANG_WARN_OBJC_LITERAL_CONVERSION = YES;
				CLANG_WARN_OBJC_ROOT_CLASS = YES_ERROR;
				CLANG_WARN_QUOTED_INCLUDE_IN_FRAMEWORK_HEADER = YES;
				CLANG_WARN_RANGE_LOOP_ANALYSIS = YES;
				CLANG_WARN_STRICT_PROTOTYPES = YES;
				CLANG_WARN_SUSPICIOUS_MOVE = YES;
				CLANG_WARN_UNGUARDED_AVAILABILITY = YES_AGGRESSIVE;
				CLANG_WARN_UNREACHABLE_CODE = YES;
				CLANG_WARN__DUPLICATE_METHOD_MATCH = YES;
				COPY_PHASE_STRIP = NO;
				ENABLE_STRICT_OBJC_MSGSEND = YES;
				GCC_C_LANGUAGE_STANDARD = gnu17;
				GCC_NO_COMMON_BLOCKS = YES;
				GCC_WARN_64_TO_32_BIT_CONVERSION = YES;
				GCC_WARN_ABOUT_RETURN_TYPE = YES_ERROR;
				GCC_WARN_UNDECLARED_SELECTOR = YES;
				GCC_WARN_UNINITIALIZED_AUTOS = YES_AGGRESSIVE;
				GCC_WARN_UNUSED_FUNCTION = YES;
				GCC_WARN_UNUSED_VARIABLE = YES;
				IPHONEOS_DEPLOYMENT_TARGET = 17.0;
				MTL_ENABLE_DEBUG_INFO = INCLUDE_SOURCE;
				MTL_FAST_MATH = YES;
				SDKROOT = iphoneos;
				SWIFT_EMIT_LOC_STRINGS = YES;
				SWIFT_VERSION = 5.0;
				TARGETED_DEVICE_FAMILY = 1;
			};
			name = Debug;
		};
		0000000000000000002000AB /* Release */ = {
			isa = XCBuildConfiguration;
			buildSettings = {
				DEBUG_INFORMATION_FORMAT = "dwarf-with-dsym";
				ENABLE_NS_ASSERTIONS = NO;
				MTL_ENABLE_DEBUG_INFO = NO;
				SWIFT_COMPILATION_MODE = wholemodule;
				ALWAYS_SEARCH_USER_PATHS = NO;
				ASSETCATALOG_COMPILER_GENERATE_SWIFT_ASSET_SYMBOL_EXTENSIONS = NO;
				CLANG_ANALYZER_NONNULL = YES;
				CLANG_ANALYZER_NUMBER_OBJECT_CONVERSION = YES_AGGRESSIVE;
				CLANG_CXX_LANGUAGE_STANDARD = "gnu++20";
				CLANG_ENABLE_MODULES = YES;
				CLANG_ENABLE_OBJC_ARC = YES;
				CLANG_ENABLE_OBJC_WEAK = YES;
				CLANG_WARN_BLOCK_CAPTURE_AUTORELEASING = YES;
				CLANG_WARN_BOOL_CONVERSION = YES;
				CLANG_WARN_COMMA = YES;
				CLANG_WARN_CONSTANT_CONVERSION = YES;
				CLANG_WARN_DEPRECATED_OBJC_IMPLEMENTATIONS = YES;
				CLANG_WARN_DIRECT_OBJC_ISA_USAGE = YES_ERROR;
				CLANG_WARN_DOCUMENTATION_COMMENTS = YES;
				CLANG_WARN_EMPTY_BODY = YES;
				CLANG_WARN_ENUM_CONVERSION = YES;
				CLANG_WARN_INFINITE_RECURSION = YES;
				CLANG_WARN_INT_CONVERSION = YES;
				CLANG_WARN_NON_LITERAL_NULL_CONVERSION = YES;
				CLANG_WARN_OBJC_IMPLICIT_RETAIN_SELF = YES;
				CLANG_WARN_OBJC_LITERAL_CONVERSION = YES;
				CLANG_WARN_OBJC_ROOT_CLASS = YES_ERROR;
				CLANG_WARN_QUOTED_INCLUDE_IN_FRAMEWORK_HEADER = YES;
				CLANG_WARN_RANGE_LOOP_ANALYSIS = YES;
				CLANG_WARN_STRICT_PROTOTYPES = YES;
				CLANG_WARN_SUSPICIOUS_MOVE = YES;
				CLANG_WARN_UNGUARDED_AVAILABILITY = YES_AGGRESSIVE;
				CLANG_WARN_UNREACHABLE_CODE = YES;
				CLANG_WARN__DUPLICATE_METHOD_MATCH = YES;
				COPY_PHASE_STRIP = NO;
				ENABLE_STRICT_OBJC_MSGSEND = YES;
				GCC_C_LANGUAGE_STANDARD = gnu17;
				GCC_NO_COMMON_BLOCKS = YES;
				GCC_WARN_64_TO_32_BIT_CONVERSION = YES;
				GCC_WARN_ABOUT_RETURN_TYPE = YES_ERROR;
				GCC_WARN_UNDECLARED_SELECTOR = YES;
				GCC_WARN_UNINITIALIZED_AUTOS = YES_AGGRESSIVE;
				GCC_WARN_UNUSED_FUNCTION = YES;
				GCC_WARN_UNUSED_VARIABLE = YES;
				IPHONEOS_DEPLOYMENT_TARGET = 17.0;
				MTL_ENABLE_DEBUG_INFO = INCLUDE_SOURCE;
				MTL_FAST_MATH = YES;
				SDKROOT = iphoneos;
				SWIFT_EMIT_LOC_STRINGS = YES;
				SWIFT_VERSION = 5.0;
				TARGETED_DEVICE_FAMILY = 1;
			};
			name = Release;
		};
		0000000000000000002000A6 /* Debug */ = {
			isa = XCBuildConfiguration;
			buildSettings = {
				ASSETCATALOG_COMPILER_APPICON_NAME = AppIcon;
				ASSETCATALOG_COMPILER_GLOBAL_ACCENT_COLOR_NAME = SyncaAccent;
				CODE_SIGN_ENTITLEMENTS = Synca/Resources/Synca.entitlements;
				CODE_SIGN_STYLE = Automatic;
				CURRENT_PROJECT_VERSION = 1;
				GENERATE_INFOPLIST_FILE = NO;
				INFOPLIST_FILE = Synca/Resources/Info.plist;
				INFOPLIST_KEY_UILaunchScreen_Generation = YES;
				LD_RUNPATH_SEARCH_PATHS = (
					"$(inherited)",
					"@executable_path/Frameworks",
				);
				MARKETING_VERSION = 1.0;
				PRODUCT_BUNDLE_IDENTIFIER = app.synca.ios;
				PRODUCT_NAME = "$(TARGET_NAME)";
				SWIFT_VERSION = 5.0;
				TARGETED_DEVICE_FAMILY = 1;
			};
			name = Debug;
		};
		0000000000000000002000A7 /* Release */ = {
			isa = XCBuildConfiguration;
			buildSettings = {
				ASSETCATALOG_COMPILER_APPICON_NAME = AppIcon;
				ASSETCATALOG_COMPILER_GLOBAL_ACCENT_COLOR_NAME = SyncaAccent;
				CODE_SIGN_ENTITLEMENTS = Synca/Resources/Synca.entitlements;
				CODE_SIGN_STYLE = Automatic;
				CURRENT_PROJECT_VERSION = 1;
				GENERATE_INFOPLIST_FILE = NO;
				INFOPLIST_FILE = Synca/Resources/Info.plist;
				INFOPLIST_KEY_UILaunchScreen_Generation = YES;
				LD_RUNPATH_SEARCH_PATHS = (
					"$(inherited)",
					"@executable_path/Frameworks",
				);
				MARKETING_VERSION = 1.0;
				PRODUCT_BUNDLE_IDENTIFIER = app.synca.ios;
				PRODUCT_NAME = "$(TARGET_NAME)";
				SWIFT_VERSION = 5.0;
				TARGETED_DEVICE_FAMILY = 1;
			};
			name = Release;
		};
		0000000000000000002000A8 /* Debug */ = {
			isa = XCBuildConfiguration;
			buildSettings = {
				BUNDLE_LOADER = "$(TEST_HOST)";
				CODE_SIGN_STYLE = Automatic;
				CURRENT_PROJECT_VERSION = 1;
				GENERATE_INFOPLIST_FILE = YES;
				MARKETING_VERSION = 1.0;
				PRODUCT_BUNDLE_IDENTIFIER = app.synca.ios.SyncaTests;
				PRODUCT_NAME = "$(TARGET_NAME)";
				SWIFT_VERSION = 5.0;
				TARGETED_DEVICE_FAMILY = 1;
				TEST_HOST = "$(BUILT_PRODUCTS_DIR)/Synca.app/Synca";
			};
			name = Debug;
		};
		0000000000000000002000A9 /* Release */ = {
			isa = XCBuildConfiguration;
			buildSettings = {
				BUNDLE_LOADER = "$(TEST_HOST)";
				CODE_SIGN_STYLE = Automatic;
				CURRENT_PROJECT_VERSION = 1;
				GENERATE_INFOPLIST_FILE = YES;
				MARKETING_VERSION = 1.0;
				PRODUCT_BUNDLE_IDENTIFIER = app.synca.ios.SyncaTests;
				PRODUCT_NAME = "$(TARGET_NAME)";
				SWIFT_VERSION = 5.0;
				TARGETED_DEVICE_FAMILY = 1;
				TEST_HOST = "$(BUILT_PRODUCTS_DIR)/Synca.app/Synca";
			};
			name = Release;
		};
/* End XCBuildConfiguration section */

/* Begin XCConfigurationList section */
		0000000000000000002000A5 /* Build configuration list for PBXProject "Synca" */ = {
			isa = XCConfigurationList;
			buildConfigurations = (
				0000000000000000002000AA /* Debug */,
				0000000000000000002000AB /* Release */,
			);
			defaultConfigurationIsVisible = 0;
			defaultConfigurationName = Release;
		};
		0000000000000000002000A3 /* Build configuration list for PBXNativeTarget "Synca" */ = {
			isa = XCConfigurationList;
			buildConfigurations = (
				0000000000000000002000A6 /* Debug */,
				0000000000000000002000A7 /* Release */,
			);
			defaultConfigurationIsVisible = 0;
			defaultConfigurationName = Release;
		};
		0000000000000000002000A4 /* Build configuration list for PBXNativeTarget "SyncaTests" */ = {
			isa = XCConfigurationList;
			buildConfigurations = (
				0000000000000000002000A8 /* Debug */,
				0000000000000000002000A9 /* Release */,
			);
			defaultConfigurationIsVisible = 0;
			defaultConfigurationName = Release;
		};
/* End XCConfigurationList section */

	};
	rootObject = 00000000000000000020009F /* Project object */;
}
